
Microsoft Visual Studio Solution File, Format Version 12.00
# Visual Studio Version 16
VisualStudioVersion = 16.0.29209.62
MinimumVisualStudioVersion = 10.0.40219.1
Project("{FAE04EC0-301F-11D3-BF4B-00C04F79EFBC}") = "Generador", "Generador\Generador.csproj", "{F2483F97-7537-4156-8112-4C820B900409}"
EndProject
Global
	GlobalSection(SolutionConfigurationPlatforms) = preSolution
		Debug|Any CPU = Debug|Any CPU
		Release|Any CPU = Release|Any CPU
	EndGlobalSection
	GlobalSection(ProjectConfigurationPlatforms) = postSolution
		{F2483F97-7537-4156-8112-4C820B900409}.Debug|Any CPU.ActiveCfg = Debug|Any CPU
		{F2483F97-7537-4156-8112-4C820B900409}.Debug|Any CPU.Build.0 = Debug|Any CPU
		{F2483F97-7537-4156-8112-4C820B900409}.Release|Any CPU.ActiveCfg = Release|Any CPU
		{F2483F97-7537-4156-8112-4C820B900409}.Release|Any CPU.Build.0 = Release|Any CPU
	EndGlobalSection
	GlobalSection(SolutionProperties) = preSolution
		HideSolutionNode = FALSE
	EndGlobalSection
	GlobalSection(ExtensibilityGlobals) = postSolution
		SolutionGuid = {37CDDEEC-BCF6-42BA-BCB8-ED744EC39B4E}
	EndGlobalSection
EndGlobal
