
Microsoft Visual Studio Solution File, Format Version 12.00
# Visual Studio Version 16
VisualStudioVersion = 16.0.29209.62
MinimumVisualStudioVersion = 10.0.40219.1
Project("{FAE04EC0-301F-11D3-BF4B-00C04F79EFBC}") = "Palabras", "Palabras\Palabras.csproj", "{095A4372-BC5A-4EAA-BCDE-9A001DB184E7}"
EndProject
Global
	GlobalSection(SolutionConfigurationPlatforms) = preSolution
		Debug|Any CPU = Debug|Any CPU
		Release|Any CPU = Release|Any CPU
	EndGlobalSection
	GlobalSection(ProjectConfigurationPlatforms) = postSolution
		{095A4372-BC5A-4EAA-BCDE-9A001DB184E7}.Debug|Any CPU.ActiveCfg = Debug|Any CPU
		{095A4372-BC5A-4EAA-BCDE-9A001DB184E7}.Debug|Any CPU.Build.0 = Debug|Any CPU
		{095A4372-BC5A-4EAA-BCDE-9A001DB184E7}.Release|Any CPU.ActiveCfg = Release|Any CPU
		{095A4372-BC5A-4EAA-BCDE-9A001DB184E7}.Release|Any CPU.Build.0 = Release|Any CPU
	EndGlobalSection
	GlobalSection(SolutionProperties) = preSolution
		HideSolutionNode = FALSE
	EndGlobalSection
	GlobalSection(ExtensibilityGlobals) = postSolution
		SolutionGuid = {251DB899-32D7-46FF-8DDC-B97B3EBE2146}
	EndGlobalSection
EndGlobal
